
Microsoft Visual Studio Solution File, Format Version 12.00
# Visual Studio Version 17
VisualStudioVersion = 17.0.32014.148
MinimumVisualStudioVersion = 10.0.40219.1
Project("{9A19103F-16F7-4668-BE54-9A1E7A4F7556}") = "DalTest", "DalTest\DalTest.csproj", "{D4571863-0486-44E1-9C0A-9B84A6779796}"
EndProject
Project("{9A19103F-16F7-4668-BE54-9A1E7A4F7556}") = "DalList", "DalList\DalList.csproj", "{746BFD5D-168B-4CEB-914B-FDD4992CC81D}"
EndProject
Project("{9A19103F-16F7-4668-BE54-9A1E7A4F7556}") = "DalFacade", "DalFacade\DalFacade.csproj", "{2CAC24BB-951F-4870-AEE9-418FAB34F52B}"
EndProject
Project("{9A19103F-16F7-4668-BE54-9A1E7A4F7556}") = "BL", "BL\BL.csproj", "{469E9EB8-98C1-4F64-8DE6-1FC2A0B4DF3D}"
EndProject
Project("{9A19103F-16F7-4668-BE54-9A1E7A4F7556}") = "BlTest", "BlTest\BlTest.csproj", "{7E7B1FD2-C131-4E9F-B1AB-25CEA04FFD25}"
EndProject
Project("{9A19103F-16F7-4668-BE54-9A1E7A4F7556}") = "stage0", "stage0\stage0.csproj", "{FF2EAE49-BB09-464E-B43A-B126C4BA4627}"
EndProject
Project("{9A19103F-16F7-4668-BE54-9A1E7A4F7556}") = "PL", "PL\PL.csproj", "{B23F19C3-1801-46D5-ADA6-2D9F318B52E0}"
EndProject
Project("{2150E333-8FDC-42A3-9474-1A3956D46DE8}") = "xml", "xml", "{1EBC795C-933D-46B7-B6DA-3F0CA8FCC96A}"
	ProjectSection(SolutionItems) = preProject
		..\xml\config.xml = ..\xml\config.xml
		..\xml\dal-config.xml = ..\xml\dal-config.xml
		..\xml\Order.xml = ..\xml\Order.xml
		..\xml\OrderItem.xml = ..\xml\OrderItem.xml
		..\xml\Product.xml = ..\xml\Product.xml
	EndProjectSection
EndProject
Project("{9A19103F-16F7-4668-BE54-9A1E7A4F7556}") = "DalXml", "DalXml\DalXml.csproj", "{3AA597CB-2134-43C6-8F05-9870420A697D}"
EndProject
Project("{9A19103F-16F7-4668-BE54-9A1E7A4F7556}") = "DalXmlTest", "DalXmlTest\DalXmlTest.csproj", "{CE2C1151-3CC0-4F40-9F52-5BECC63D4C1F}"
EndProject
Project("{FAE04EC0-301F-11D3-BF4B-00C04F79EFBC}") = "Simulator", "Simulator\Simulator.csproj", "{5EDD8F1F-F2F8-4DBC-9956-3B3F6E26D7FD}"
EndProject
Global
	GlobalSection(SolutionConfigurationPlatforms) = preSolution
		Debug|Any CPU = Debug|Any CPU
		Release|Any CPU = Release|Any CPU
	EndGlobalSection
	GlobalSection(ProjectConfigurationPlatforms) = postSolution
		{D4571863-0486-44E1-9C0A-9B84A6779796}.Debug|Any CPU.ActiveCfg = Debug|Any CPU
		{D4571863-0486-44E1-9C0A-9B84A6779796}.Debug|Any CPU.Build.0 = Debug|Any CPU
		{D4571863-0486-44E1-9C0A-9B84A6779796}.Release|Any CPU.ActiveCfg = Release|Any CPU
		{D4571863-0486-44E1-9C0A-9B84A6779796}.Release|Any CPU.Build.0 = Release|Any CPU
		{746BFD5D-168B-4CEB-914B-FDD4992CC81D}.Debug|Any CPU.ActiveCfg = Debug|Any CPU
		{746BFD5D-168B-4CEB-914B-FDD4992CC81D}.Debug|Any CPU.Build.0 = Debug|Any CPU
		{746BFD5D-168B-4CEB-914B-FDD4992CC81D}.Release|Any CPU.ActiveCfg = Release|Any CPU
		{746BFD5D-168B-4CEB-914B-FDD4992CC81D}.Release|Any CPU.Build.0 = Release|Any CPU
		{2CAC24BB-951F-4870-AEE9-418FAB34F52B}.Debug|Any CPU.ActiveCfg = Debug|Any CPU
		{2CAC24BB-951F-4870-AEE9-418FAB34F52B}.Debug|Any CPU.Build.0 = Debug|Any CPU
		{2CAC24BB-951F-4870-AEE9-418FAB34F52B}.Release|Any CPU.ActiveCfg = Release|Any CPU
		{2CAC24BB-951F-4870-AEE9-418FAB34F52B}.Release|Any CPU.Build.0 = Release|Any CPU
		{469E9EB8-98C1-4F64-8DE6-1FC2A0B4DF3D}.Debug|Any CPU.ActiveCfg = Debug|Any CPU
		{469E9EB8-98C1-4F64-8DE6-1FC2A0B4DF3D}.Debug|Any CPU.Build.0 = Debug|Any CPU
		{469E9EB8-98C1-4F64-8DE6-1FC2A0B4DF3D}.Release|Any CPU.ActiveCfg = Release|Any CPU
		{469E9EB8-98C1-4F64-8DE6-1FC2A0B4DF3D}.Release|Any CPU.Build.0 = Release|Any CPU
		{7E7B1FD2-C131-4E9F-B1AB-25CEA04FFD25}.Debug|Any CPU.ActiveCfg = Debug|Any CPU
		{7E7B1FD2-C131-4E9F-B1AB-25CEA04FFD25}.Debug|Any CPU.Build.0 = Debug|Any CPU
		{7E7B1FD2-C131-4E9F-B1AB-25CEA04FFD25}.Release|Any CPU.ActiveCfg = Release|Any CPU
		{7E7B1FD2-C131-4E9F-B1AB-25CEA04FFD25}.Release|Any CPU.Build.0 = Release|Any CPU
		{FF2EAE49-BB09-464E-B43A-B126C4BA4627}.Debug|Any CPU.ActiveCfg = Debug|Any CPU
		{FF2EAE49-BB09-464E-B43A-B126C4BA4627}.Debug|Any CPU.Build.0 = Debug|Any CPU
		{FF2EAE49-BB09-464E-B43A-B126C4BA4627}.Release|Any CPU.ActiveCfg = Release|Any CPU
		{FF2EAE49-BB09-464E-B43A-B126C4BA4627}.Release|Any CPU.Build.0 = Release|Any CPU
		{B23F19C3-1801-46D5-ADA6-2D9F318B52E0}.Debug|Any CPU.ActiveCfg = Debug|Any CPU
		{B23F19C3-1801-46D5-ADA6-2D9F318B52E0}.Debug|Any CPU.Build.0 = Debug|Any CPU
		{B23F19C3-1801-46D5-ADA6-2D9F318B52E0}.Release|Any CPU.ActiveCfg = Release|Any CPU
		{B23F19C3-1801-46D5-ADA6-2D9F318B52E0}.Release|Any CPU.Build.0 = Release|Any CPU
		{3AA597CB-2134-43C6-8F05-9870420A697D}.Debug|Any CPU.ActiveCfg = Debug|Any CPU
		{3AA597CB-2134-43C6-8F05-9870420A697D}.Debug|Any CPU.Build.0 = Debug|Any CPU
		{3AA597CB-2134-43C6-8F05-9870420A697D}.Release|Any CPU.ActiveCfg = Release|Any CPU
		{3AA597CB-2134-43C6-8F05-9870420A697D}.Release|Any CPU.Build.0 = Release|Any CPU
		{CE2C1151-3CC0-4F40-9F52-5BECC63D4C1F}.Debug|Any CPU.ActiveCfg = Debug|Any CPU
		{CE2C1151-3CC0-4F40-9F52-5BECC63D4C1F}.Debug|Any CPU.Build.0 = Debug|Any CPU
		{CE2C1151-3CC0-4F40-9F52-5BECC63D4C1F}.Release|Any CPU.ActiveCfg = Release|Any CPU
		{CE2C1151-3CC0-4F40-9F52-5BECC63D4C1F}.Release|Any CPU.Build.0 = Release|Any CPU
		{5EDD8F1F-F2F8-4DBC-9956-3B3F6E26D7FD}.Debug|Any CPU.ActiveCfg = Debug|Any CPU
		{5EDD8F1F-F2F8-4DBC-9956-3B3F6E26D7FD}.Debug|Any CPU.Build.0 = Debug|Any CPU
		{5EDD8F1F-F2F8-4DBC-9956-3B3F6E26D7FD}.Release|Any CPU.ActiveCfg = Release|Any CPU
		{5EDD8F1F-F2F8-4DBC-9956-3B3F6E26D7FD}.Release|Any CPU.Build.0 = Release|Any CPU
	EndGlobalSection
	GlobalSection(SolutionProperties) = preSolution
		HideSolutionNode = FALSE
	EndGlobalSection
	GlobalSection(ExtensibilityGlobals) = postSolution
		SolutionGuid = {9337F80B-41B3-475B-B7F6-DEE96807304B}
	EndGlobalSection
EndGlobal
