
Microsoft Visual Studio Solution File, Format Version 12.00
# Visual Studio Version 17
VisualStudioVersion = 17.0.32014.148
MinimumVisualStudioVersion = 10.0.40219.1
Project("{9A19103F-16F7-4668-BE54-9A1E7A4F7556}") = "DalTest", "DalTest\DalTest.csproj", "{D4571863-0486-44E1-9C0A-9B84A6779796}"
EndProject
Project("{9A19103F-16F7-4668-BE54-9A1E7A4F7556}") = "DalList", "DalList\DalList.csproj", "{746BFD5D-168B-4CEB-914B-FDD4992CC81D}"
EndProject
Project("{9A19103F-16F7-4668-BE54-9A1E7A4F7556}") = "DalFacade", "DalFacade\DalFacade.csproj", "{2CAC24BB-951F-4870-AEE9-418FAB34F52B}"
EndProject
Project("{FAE04EC0-301F-11D3-BF4B-00C04F79EFBC}") = "BL", "BL\BL.csproj", "{469E9EB8-98C1-4F64-8DE6-1FC2A0B4DF3D}"
EndProject
Project("{FAE04EC0-301F-11D3-BF4B-00C04F79EFBC}") = "BlTest", "BlTest\BlTest.csproj", "{7E7B1FD2-C131-4E9F-B1AB-25CEA04FFD25}"
EndProject
Global
	GlobalSection(SolutionConfigurationPlatforms) = preSolution
		Debug|Any CPU = Debug|Any CPU
		Release|Any CPU = Release|Any CPU
	EndGlobalSection
	GlobalSection(ProjectConfigurationPlatforms) = postSolution
		{D4571863-0486-44E1-9C0A-9B84A6779796}.Debug|Any CPU.ActiveCfg = Debug|Any CPU
		{D4571863-0486-44E1-9C0A-9B84A6779796}.Debug|Any CPU.Build.0 = Debug|Any CPU
		{D4571863-0486-44E1-9C0A-9B84A6779796}.Release|Any CPU.ActiveCfg = Release|Any CPU
		{D4571863-0486-44E1-9C0A-9B84A6779796}.Release|Any CPU.Build.0 = Release|Any CPU
		{746BFD5D-168B-4CEB-914B-FDD4992CC81D}.Debug|Any CPU.ActiveCfg = Debug|Any CPU
		{746BFD5D-168B-4CEB-914B-FDD4992CC81D}.Debug|Any CPU.Build.0 = Debug|Any CPU
		{746BFD5D-168B-4CEB-914B-FDD4992CC81D}.Release|Any CPU.ActiveCfg = Release|Any CPU
		{746BFD5D-168B-4CEB-914B-FDD4992CC81D}.Release|Any CPU.Build.0 = Release|Any CPU
		{2CAC24BB-951F-4870-AEE9-418FAB34F52B}.Debug|Any CPU.ActiveCfg = Debug|Any CPU
		{2CAC24BB-951F-4870-AEE9-418FAB34F52B}.Debug|Any CPU.Build.0 = Debug|Any CPU
		{2CAC24BB-951F-4870-AEE9-418FAB34F52B}.Release|Any CPU.ActiveCfg = Release|Any CPU
		{2CAC24BB-951F-4870-AEE9-418FAB34F52B}.Release|Any CPU.Build.0 = Release|Any CPU
		{469E9EB8-98C1-4F64-8DE6-1FC2A0B4DF3D}.Debug|Any CPU.ActiveCfg = Debug|Any CPU
		{469E9EB8-98C1-4F64-8DE6-1FC2A0B4DF3D}.Debug|Any CPU.Build.0 = Debug|Any CPU
		{469E9EB8-98C1-4F64-8DE6-1FC2A0B4DF3D}.Release|Any CPU.ActiveCfg = Release|Any CPU
		{469E9EB8-98C1-4F64-8DE6-1FC2A0B4DF3D}.Release|Any CPU.Build.0 = Release|Any CPU
		{7E7B1FD2-C131-4E9F-B1AB-25CEA04FFD25}.Debug|Any CPU.ActiveCfg = Debug|Any CPU
		{7E7B1FD2-C131-4E9F-B1AB-25CEA04FFD25}.Debug|Any CPU.Build.0 = Debug|Any CPU
		{7E7B1FD2-C131-4E9F-B1AB-25CEA04FFD25}.Release|Any CPU.ActiveCfg = Release|Any CPU
		{7E7B1FD2-C131-4E9F-B1AB-25CEA04FFD25}.Release|Any CPU.Build.0 = Release|Any CPU
	EndGlobalSection
	GlobalSection(SolutionProperties) = preSolution
		HideSolutionNode = FALSE
	EndGlobalSection
	GlobalSection(ExtensibilityGlobals) = postSolution
		SolutionGuid = {9337F80B-41B3-475B-B7F6-DEE96807304B}
	EndGlobalSection
EndGlobal
